<?xml version="1.0"?>
<CONFIG>
  <ProjectOptions>
    <Version Value="9"/>
    <PathDelim Value="\"/>
    <General>
      <MainUnit Value="0"/>
      <ResourceType Value="res"/>
      <UseXPManifest Value="True"/>
      <Icon Value="0"/>
      <ActiveWindowIndexAtStart Value="0"/>
    </General>
    <i18n>
      <EnableI18N LFM="False"/>
    </i18n>
    <VersionInfo>
      <StringTable ProductVersion=""/>
    </VersionInfo>
    <BuildModes Count="1" Active="Default">
      <Item1 Name="Default" Default="True"/>
    </BuildModes>
    <PublishOptions>
      <Version Value="2"/>
      <IncludeFileFilter Value="*.(pas|pp|inc|lfm|lpr|lrs|lpi|lpk|sh|xml)"/>
      <ExcludeFileFilter Value="*.(bak|ppu|o|so);*~;backup"/>
    </PublishOptions>
    <RunParams>
      <local>
        <FormatVersion Value="1"/>
      </local>
    </RunParams>
    <RequiredPackages Count="1">
      <Item1>
        <PackageName Value="LCL"/>
      </Item1>
    </RequiredPackages>
    <Units Count="17">
      <Unit0>
        <Filename Value="configurator.lpr"/>
        <IsPartOfProject Value="True"/>
        <UnitName Value="configurator"/>
        <EditorIndex Value="2"/>
        <WindowIndex Value="0"/>
        <TopLine Value="1"/>
        <CursorPos X="1" Y="18"/>
        <UsageCount Value="453"/>
        <Loaded Value="True"/>
      </Unit0>
      <Unit1>
        <Filename Value="main.pas"/>
        <IsPartOfProject Value="True"/>
        <ComponentName Value="frmMain"/>
        <HasResources Value="True"/>
        <ResourceBaseClass Value="Form"/>
        <UnitName Value="main"/>
        <IsVisibleTab Value="True"/>
        <EditorIndex Value="0"/>
        <WindowIndex Value="0"/>
        <TopLine Value="353"/>
        <CursorPos X="47" Y="368"/>
        <UsageCount Value="453"/>
        <Loaded Value="True"/>
        <LoadedDesigner Value="True"/>
      </Unit1>
      <Unit2>
        <Filename Value="properties_songs.pas"/>
        <IsPartOfProject Value="True"/>
        <UnitName Value="properties_songs"/>
        <WindowIndex Value="0"/>
        <TopLine Value="1"/>
        <CursorPos X="36" Y="24"/>
        <UsageCount Value="453"/>
      </Unit2>
      <Unit3>
        <Filename Value="properties_strings.pas"/>
        <IsPartOfProject Value="True"/>
        <UnitName Value="properties_strings"/>
        <WindowIndex Value="0"/>
        <TopLine Value="1"/>
        <CursorPos X="19" Y="32"/>
        <UsageCount Value="453"/>
      </Unit3>
      <Unit4>
        <Filename Value="baseproperty.pas"/>
        <IsPartOfProject Value="True"/>
        <UnitName Value="baseproperty"/>
        <EditorIndex Value="8"/>
        <WindowIndex Value="0"/>
        <TopLine Value="30"/>
        <CursorPos X="1" Y="71"/>
        <UsageCount Value="453"/>
        <Loaded Value="True"/>
      </Unit4>
      <Unit5>
        <Filename Value="fields.pas"/>
        <IsPartOfProject Value="True"/>
        <UnitName Value="fields"/>
        <EditorIndex Value="5"/>
        <WindowIndex Value="0"/>
        <TopLine Value="8"/>
        <CursorPos X="1" Y="1"/>
        <UsageCount Value="451"/>
        <Loaded Value="True"/>
      </Unit5>
      <Unit6>
        <Filename Value="propertyarray.pas"/>
        <IsPartOfProject Value="True"/>
        <UnitName Value="propertyarray"/>
        <EditorIndex Value="6"/>
        <WindowIndex Value="0"/>
        <TopLine Value="50"/>
        <CursorPos X="1" Y="90"/>
        <UsageCount Value="451"/>
        <Loaded Value="True"/>
      </Unit6>
      <Unit7>
        <Filename Value="..\..\apps\lazarus\lcl\include\customform.inc"/>
        <WindowIndex Value="0"/>
        <TopLine Value="2582"/>
        <CursorPos X="1" Y="2605"/>
        <UsageCount Value="10"/>
      </Unit7>
      <Unit8>
        <Filename Value="lane.pas"/>
        <IsPartOfProject Value="True"/>
        <UnitName Value="lane"/>
        <WindowIndex Value="0"/>
        <TopLine Value="49"/>
        <CursorPos X="48" Y="80"/>
        <UsageCount Value="400"/>
      </Unit8>
      <Unit9>
        <Filename Value="drumpart.pas"/>
        <IsPartOfProject Value="True"/>
        <UnitName Value="drumpart"/>
        <EditorIndex Value="3"/>
        <WindowIndex Value="0"/>
        <TopLine Value="186"/>
        <CursorPos X="41" Y="75"/>
        <UsageCount Value="359"/>
        <Loaded Value="True"/>
      </Unit9>
      <Unit10>
        <Filename Value="..\..\apps\lazarus\lcl\include\control.inc"/>
        <WindowIndex Value="0"/>
        <TopLine Value="1060"/>
        <CursorPos X="1" Y="1083"/>
        <UsageCount Value="9"/>
      </Unit10>
      <Unit11>
        <Filename Value="utils.pas"/>
        <IsPartOfProject Value="True"/>
        <UnitName Value="utils"/>
        <EditorIndex Value="4"/>
        <WindowIndex Value="0"/>
        <TopLine Value="19"/>
        <CursorPos X="24" Y="28"/>
        <UsageCount Value="398"/>
        <Loaded Value="True"/>
      </Unit11>
      <Unit12>
        <Filename Value="spritepicker.pas"/>
        <IsPartOfProject Value="True"/>
        <ComponentName Value="frmSpritePicker"/>
        <HasResources Value="True"/>
        <ResourceBaseClass Value="Form"/>
        <UnitName Value="spritepicker"/>
        <EditorIndex Value="1"/>
        <WindowIndex Value="0"/>
        <TopLine Value="99"/>
        <CursorPos X="64" Y="123"/>
        <UsageCount Value="395"/>
        <Loaded Value="True"/>
        <LoadedDesigner Value="True"/>
      </Unit12>
      <Unit13>
        <Filename Value="..\..\apps\lazarus\lcl\include\fpimagebitmap.inc"/>
        <WindowIndex Value="0"/>
        <TopLine Value="123"/>
        <CursorPos X="66" Y="147"/>
        <UsageCount Value="10"/>
      </Unit13>
      <Unit14>
        <Filename Value="..\..\apps\lazarus\lcl\intfgraphics.pas"/>
        <UnitName Value="IntfGraphics"/>
        <WindowIndex Value="0"/>
        <TopLine Value="37"/>
        <CursorPos X="38" Y="41"/>
        <UsageCount Value="11"/>
      </Unit14>
      <Unit15>
        <Filename Value="..\..\..\apps\lazarus\lcl\include\dbedit.inc"/>
        <WindowIndex Value="0"/>
        <TopLine Value="12"/>
        <CursorPos X="32" Y="47"/>
        <UsageCount Value="12"/>
      </Unit15>
      <Unit16>
        <Filename Value="..\..\..\apps\lazarus\lcl\include\control.inc"/>
        <EditorIndex Value="7"/>
        <WindowIndex Value="0"/>
        <TopLine Value="3249"/>
        <CursorPos X="1" Y="3288"/>
        <UsageCount Value="13"/>
        <Loaded Value="True"/>
      </Unit16>
    </Units>
    <JumpHistory Count="30" HistoryIndex="29">
      <Position1>
        <Filename Value="propertyarray.pas"/>
        <Caret Line="85" Column="1" TopLine="50"/>
      </Position1>
      <Position2>
        <Filename Value="propertyarray.pas"/>
        <Caret Line="87" Column="1" TopLine="50"/>
      </Position2>
      <Position3>
        <Filename Value="propertyarray.pas"/>
        <Caret Line="88" Column="1" TopLine="50"/>
      </Position3>
      <Position4>
        <Filename Value="propertyarray.pas"/>
        <Caret Line="90" Column="1" TopLine="50"/>
      </Position4>
      <Position5>
        <Filename Value="baseproperty.pas"/>
        <Caret Line="67" Column="1" TopLine="30"/>
      </Position5>
      <Position6>
        <Filename Value="baseproperty.pas"/>
        <Caret Line="68" Column="1" TopLine="30"/>
      </Position6>
      <Position7>
        <Filename Value="main.pas"/>
        <Caret Line="732" Column="99" TopLine="722"/>
      </Position7>
      <Position8>
        <Filename Value="main.pas"/>
        <Caret Line="1" Column="1" TopLine="1"/>
      </Position8>
      <Position9>
        <Filename Value="main.pas"/>
        <Caret Line="24" Column="16" TopLine="1"/>
      </Position9>
      <Position10>
        <Filename Value="main.pas"/>
        <Caret Line="32" Column="23" TopLine="1"/>
      </Position10>
      <Position11>
        <Filename Value="main.pas"/>
        <Caret Line="85" Column="12" TopLine="46"/>
      </Position11>
      <Position12>
        <Filename Value="main.pas"/>
        <Caret Line="93" Column="12" TopLine="54"/>
      </Position12>
      <Position13>
        <Filename Value="main.pas"/>
        <Caret Line="94" Column="12" TopLine="55"/>
      </Position13>
      <Position14>
        <Filename Value="main.pas"/>
        <Caret Line="96" Column="12" TopLine="58"/>
      </Position14>
      <Position15>
        <Filename Value="main.pas"/>
        <Caret Line="119" Column="18" TopLine="80"/>
      </Position15>
      <Position16>
        <Filename Value="main.pas"/>
        <Caret Line="201" Column="32" TopLine="162"/>
      </Position16>
      <Position17>
        <Filename Value="main.pas"/>
        <Caret Line="440" Column="50" TopLine="401"/>
      </Position17>
      <Position18>
        <Filename Value="main.pas"/>
        <Caret Line="441" Column="61" TopLine="402"/>
      </Position18>
      <Position19>
        <Filename Value="main.pas"/>
        <Caret Line="564" Column="71" TopLine="549"/>
      </Position19>
      <Position20>
        <Filename Value="main.pas"/>
        <Caret Line="565" Column="70" TopLine="549"/>
      </Position20>
      <Position21>
        <Filename Value="main.pas"/>
        <Caret Line="566" Column="89" TopLine="549"/>
      </Position21>
      <Position22>
        <Filename Value="main.pas"/>
        <Caret Line="868" Column="171" TopLine="829"/>
      </Position22>
      <Position23>
        <Filename Value="main.pas"/>
        <Caret Line="9" Column="20" TopLine="1"/>
      </Position23>
      <Position24>
        <Filename Value="main.pas"/>
        <Caret Line="37" Column="17" TopLine="1"/>
      </Position24>
      <Position25>
        <Filename Value="main.pas"/>
        <Caret Line="90" Column="17" TopLine="51"/>
      </Position25>
      <Position26>
        <Filename Value="main.pas"/>
        <Caret Line="178" Column="19" TopLine="139"/>
      </Position26>
      <Position27>
        <Filename Value="main.pas"/>
        <Caret Line="235" Column="27" TopLine="196"/>
      </Position27>
      <Position28>
        <Filename Value="main.pas"/>
        <Caret Line="590" Column="17" TopLine="551"/>
      </Position28>
      <Position29>
        <Filename Value="main.pas"/>
        <Caret Line="895" Column="32" TopLine="853"/>
      </Position29>
      <Position30>
        <Filename Value="main.pas"/>
        <Caret Line="485" Column="72" TopLine="461"/>
      </Position30>
    </JumpHistory>
  </ProjectOptions>
  <CompilerOptions>
    <Version Value="11"/>
    <PathDelim Value="\"/>
    <Target>
      <Filename Value="configurator"/>
    </Target>
    <SearchPaths>
      <IncludeFiles Value="$(ProjOutDir)"/>
      <UnitOutputDirectory Value="lib\$(TargetCPU)-$(TargetOS)"/>
    </SearchPaths>
    <CodeGeneration>
      <Optimizations>
        <OptimizationLevel Value="0"/>
      </Optimizations>
    </CodeGeneration>
    <Linking>
      <Debugging>
        <DebugInfoType Value="dsStabs"/>
        <UseLineInfoUnit Value="False"/>
      </Debugging>
      <LinkSmart Value="True"/>
      <Options>
        <Win32>
          <GraphicApplication Value="True"/>
        </Win32>
      </Options>
    </Linking>
    <Other>
      <CompilerMessages>
        <UseMsgFile Value="True"/>
      </CompilerMessages>
      <CompilerPath Value="$(CompPath)"/>
    </Other>
  </CompilerOptions>
  <Debugging>
    <Exceptions Count="4">
      <Item1>
        <Name Value="EAbort"/>
      </Item1>
      <Item2>
        <Name Value="ECodetoolError"/>
      </Item2>
      <Item3>
        <Name Value="EFOpenError"/>
      </Item3>
      <Item4>
        <Name Value="EConvertError"/>
      </Item4>
    </Exceptions>
  </Debugging>
</CONFIG>
